// !$*UTF8*$!
{
	archiveVersion = 1;
	classes = {
	};
	objectVersion = 46;
	objects = {

/* Begin PBXBuildFile section */
		3835808A1ECAE6D000C920FD /* AppDelegate.swift in Sources */ = {isa = PBXBuildFile; fileRef = 383580891ECAE6D000C920FD /* AppDelegate.swift */; };
		3835808C1ECAE6D000C920FD /* ViewController.swift in Sources */ = {isa = PBXBuildFile; fileRef = 3835808B1ECAE6D000C920FD /* ViewController.swift */; };
		3835808F1ECAE6D000C920FD /* Main.storyboard in Resources */ = {isa = PBXBuildFile; fileRef = 3835808D1ECAE6D000C920FD /* Main.storyboard */; };
		383580911ECAE6D000C920FD /* Assets.xcassets in Resources */ = {isa = PBXBuildFile; fileRef = 383580901ECAE6D000C920FD /* Assets.xcassets */; };
		383580941ECAE6D000C920FD /* LaunchScreen.storyboard in Resources */ = {isa = PBXBuildFile; fileRef = 383580921ECAE6D000C920FD /* LaunchScreen.storyboard */; };
		3835809F1ECAE6D000C920FD /* BMI_APPTests.swift in Sources */ = {isa = PBXBuildFile; fileRef = 3835809E1ECAE6D000C920FD /* BMI_APPTests.swift */; };
		383580AA1ECAE6D000C920FD /* BMI_APPUITests.swift in Sources */ = {isa = PBXBuildFile; fileRef = 383580A91ECAE6D000C920FD /* BMI_APPUITests.swift */; };
/* End PBXBuildFile section */

/* Begin PBXContainerItemProxy section */
		3835809B1ECAE6D000C920FD /* PBXContainerItemProxy */ = {
			isa = PBXContainerItemProxy;
			containerPortal = 3835807E1ECAE6D000C920FD /* Project object */;
			proxyType = 1;
			remoteGlobalIDString = 383580851ECAE6D000C920FD;
			remoteInfo = "BMI　APP";
		};
		383580A61ECAE6D000C920FD /* PBXContainerItemProxy */ = {
			isa = PBXContainerItemProxy;
			containerPortal = 3835807E1ECAE6D000C920FD /* Project object */;
			proxyType = 1;
			remoteGlobalIDString = 383580851ECAE6D000C920FD;
			remoteInfo = "BMI　APP";
		};
/* End PBXContainerItemProxy section */

/* Begin PBXFileReference section */
		383580861ECAE6D000C920FD /* BMI　APP.app */ = {isa = PBXFileReference; explicitFileType = wrapper.application; includeInIndex = 0; path = "BMI　APP.app"; sourceTree = BUILT_PRODUCTS_DIR; };
		383580891ECAE6D000C920FD /* AppDelegate.swift */ = {isa = PBXFileReference; lastKnownFileType = sourcecode.swift; path = AppDelegate.swift; sourceTree = "<group>"; };
		3835808B1ECAE6D000C920FD /* ViewController.swift */ = {isa = PBXFileReference; lastKnownFileType = sourcecode.swift; path = ViewController.swift; sourceTree = "<group>"; };
		3835808E1ECAE6D000C920FD /* Base */ = {isa = PBXFileReference; lastKnownFileType = file.storyboard; name = Base; path = Base.lproj/Main.storyboard; sourceTree = "<group>"; };
		383580901ECAE6D000C920FD /* Assets.xcassets */ = {isa = PBXFileReference; lastKnownFileType = folder.assetcatalog; path = Assets.xcassets; sourceTree = "<group>"; };
		383580931ECAE6D000C920FD /* Base */ = {isa = PBXFileReference; lastKnownFileType = file.storyboard; name = Base; path = Base.lproj/LaunchScreen.storyboard; sourceTree = "<group>"; };
		383580951ECAE6D000C920FD /* Info.plist */ = {isa = PBXFileReference; lastKnownFileType = text.plist.xml; path = Info.plist; sourceTree = "<group>"; };
		3835809A1ECAE6D000C920FD /* BMI　APPTests.xctest */ = {isa = PBXFileReference; explicitFileType = wrapper.cfbundle; includeInIndex = 0; path = "BMI　APPTests.xctest"; sourceTree = BUILT_PRODUCTS_DIR; };
		3835809E1ECAE6D000C920FD /* BMI_APPTests.swift */ = {isa = PBXFileReference; lastKnownFileType = sourcecode.swift; path = BMI_APPTests.swift; sourceTree = "<group>"; };
		383580A01ECAE6D000C920FD /* Info.plist */ = {isa = PBXFileReference; lastKnownFileType = text.plist.xml; path = Info.plist; sourceTree = "<group>"; };
		383580A51ECAE6D000C920FD /* BMI　APPUITests.xctest */ = {isa = PBXFileReference; explicitFileType = wrapper.cfbundle; includeInIndex = 0; path = "BMI　APPUITests.xctest"; sourceTree = BUILT_PRODUCTS_DIR; };
		383580A91ECAE6D000C920FD /* BMI_APPUITests.swift */ = {isa = PBXFileReference; lastKnownFileType = sourcecode.swift; path = BMI_APPUITests.swift; sourceTree = "<group>"; };
		383580AB1ECAE6D000C920FD /* Info.plist */ = {isa = PBXFileReference; lastKnownFileType = text.plist.xml; path = Info.plist; sourceTree = "<group>"; };
/* End PBXFileReference section */

/* Begin PBXFrameworksBuildPhase section */
		383580831ECAE6D000C920FD /* Frameworks */ = {
			isa = PBXFrameworksBuildPhase;
			buildActionMask = 2147483647;
			files = (
			);
			runOnlyForDeploymentPostprocessing = 0;
		};
		383580971ECAE6D000C920FD /* Frameworks */ = {
			isa = PBXFrameworksBuildPhase;
			buildActionMask = 2147483647;
			files = (
			);
			runOnlyForDeploymentPostprocessing = 0;
		};
		383580A21ECAE6D000C920FD /* Frameworks */ = {
			isa = PBXFrameworksBuildPhase;
			buildActionMask = 2147483647;
			files = (
			);
			runOnlyForDeploymentPostprocessing = 0;
		};
/* End PBXFrameworksBuildPhase section */

/* Begin PBXGroup section */
		3835807D1ECAE6D000C920FD = {
			isa = PBXGroup;
			children = (
				383580881ECAE6D000C920FD /* BMI　APP */,
				3835809D1ECAE6D000C920FD /* BMI　APPTests */,
				383580A81ECAE6D000C920FD /* BMI　APPUITests */,
				383580871ECAE6D000C920FD /* Products */,
			);
			sourceTree = "<group>";
		};
		383580871ECAE6D000C920FD /* Products */ = {
			isa = PBXGroup;
			children = (
				383580861ECAE6D000C920FD /* BMI　APP.app */,
				3835809A1ECAE6D000C920FD /* BMI　APPTests.xctest */,
				383580A51ECAE6D000C920FD /* BMI　APPUITests.xctest */,
			);
			name = Products;
			sourceTree = "<group>";
		};
		383580881ECAE6D000C920FD /* BMI　APP */ = {
			isa = PBXGroup;
			children = (
				383580891ECAE6D000C920FD /* AppDelegate.swift */,
				3835808B1ECAE6D000C920FD /* ViewController.swift */,
				3835808D1ECAE6D000C920FD /* Main.storyboard */,
				383580901ECAE6D000C920FD /* Assets.xcassets */,
				383580921ECAE6D000C920FD /* LaunchScreen.storyboard */,
				383580951ECAE6D000C920FD /* Info.plist */,
			);
			path = "BMI　APP";
			sourceTree = "<group>";
		};
		3835809D1ECAE6D000C920FD /* BMI　APPTests */ = {
			isa = PBXGroup;
			children = (
				3835809E1ECAE6D000C920FD /* BMI_APPTests.swift */,
				383580A01ECAE6D000C920FD /* Info.plist */,
			);
			path = "BMI　APPTests";
			sourceTree = "<group>";
		};
		383580A81ECAE6D000C920FD /* BMI　APPUITests */ = {
			isa = PBXGroup;
			children = (
				383580A91ECAE6D000C920FD /* BMI_APPUITests.swift */,
				383580AB1ECAE6D000C920FD /* Info.plist */,
			);
			path = "BMI　APPUITests";
			sourceTree = "<group>";
		};
/* End PBXGroup section */

/* Begin PBXNativeTarget section */
		383580851ECAE6D000C920FD /* BMI　APP */ = {
			isa = PBXNativeTarget;
			buildConfigurationList = 383580AE1ECAE6D000C920FD /* Build configuration list for PBXNativeTarget "BMI　APP" */;
			buildPhases = (
				383580821ECAE6D000C920FD /* Sources */,
				383580831ECAE6D000C920FD /* Frameworks */,
				383580841ECAE6D000C920FD /* Resources */,
			);
			buildRules = (
			);
			dependencies = (
			);
			name = "BMI　APP";
			productName = "BMI　APP";
			productReference = 383580861ECAE6D000C920FD /* BMI　APP.app */;
			productType = "com.apple.product-type.application";
		};
		383580991ECAE6D000C920FD /* BMI　APPTests */ = {
			isa = PBXNativeTarget;
			buildConfigurationList = 383580B11ECAE6D000C920FD /* Build configuration list for PBXNativeTarget "BMI　APPTests" */;
			buildPhases = (
				383580961ECAE6D000C920FD /* Sources */,
				383580971ECAE6D000C920FD /* Frameworks */,
				383580981ECAE6D000C920FD /* Resources */,
			);
			buildRules = (
			);
			dependencies = (
				3835809C1ECAE6D000C920FD /* PBXTargetDependency */,
			);
			name = "BMI　APPTests";
			productName = "BMI　APPTests";
			productReference = 3835809A1ECAE6D000C920FD /* BMI　APPTests.xctest */;
			productType = "com.apple.product-type.bundle.unit-test";
		};
		383580A41ECAE6D000C920FD /* BMI　APPUITests */ = {
			isa = PBXNativeTarget;
			buildConfigurationList = 383580B41ECAE6D000C920FD /* Build configuration list for PBXNativeTarget "BMI　APPUITests" */;
			buildPhases = (
				383580A11ECAE6D000C920FD /* Sources */,
				383580A21ECAE6D000C920FD /* Frameworks */,
				383580A31ECAE6D000C920FD /* Resources */,
			);
			buildRules = (
			);
			dependencies = (
				383580A71ECAE6D000C920FD /* PBXTargetDependency */,
			);
			name = "BMI　APPUITests";
			productName = "BMI　APPUITests";
			productReference = 383580A51ECAE6D000C920FD /* BMI　APPUITests.xctest */;
			productType = "com.apple.product-type.bundle.ui-testing";
		};
/* End PBXNativeTarget section */

/* Begin PBXProject section */
		3835807E1ECAE6D000C920FD /* Project object */ = {
			isa = PBXProject;
			attributes = {
				LastSwiftUpdateCheck = 0830;
				LastUpgradeCheck = 0830;
				ORGANIZATIONNAME = "takumi watanabe";
				TargetAttributes = {
					383580851ECAE6D000C920FD = {
						CreatedOnToolsVersion = 8.3.2;
						ProvisioningStyle = Automatic;
					};
					383580991ECAE6D000C920FD = {
						CreatedOnToolsVersion = 8.3.2;
						ProvisioningStyle = Automatic;
						TestTargetID = 383580851ECAE6D000C920FD;
					};
					383580A41ECAE6D000C920FD = {
						CreatedOnToolsVersion = 8.3.2;
						ProvisioningStyle = Automatic;
						TestTargetID = 383580851ECAE6D000C920FD;
					};
				};
			};
			buildConfigurationList = 383580811ECAE6D000C920FD /* Build configuration list for PBXProject "BMI　APP" */;
			compatibilityVersion = "Xcode 3.2";
			developmentRegion = English;
			hasScannedForEncodings = 0;
			knownRegions = (
				en,
				Base,
			);
			mainGroup = 3835807D1ECAE6D000C920FD;
			productRefGroup = 383580871ECAE6D000C920FD /* Products */;
			projectDirPath = "";
			projectRoot = "";
			targets = (
				383580851ECAE6D000C920FD /* BMI　APP */,
				383580991ECAE6D000C920FD /* BMI　APPTests */,
				383580A41ECAE6D000C920FD /* BMI　APPUITests */,
			);
		};
/* End PBXProject section */

/* Begin PBXResourcesBuildPhase section */
		383580841ECAE6D000C920FD /* Resources */ = {
			isa = PBXResourcesBuildPhase;
			buildActionMask = 2147483647;
			files = (
				383580941ECAE6D000C920FD /* LaunchScreen.storyboard in Resources */,
				383580911ECAE6D000C920FD /* Assets.xcassets in Resources */,
				3835808F1ECAE6D000C920FD /* Main.storyboard in Resources */,
			);
			runOnlyForDeploymentPostprocessing = 0;
		};
		383580981ECAE6D000C920FD /* Resources */ = {
			isa = PBXResourcesBuildPhase;
			buildActionMask = 2147483647;
			files = (
			);
			runOnlyForDeploymentPostprocessing = 0;
		};
		383580A31ECAE6D000C920FD /* Resources */ = {
			isa = PBXResourcesBuildPhase;
			buildActionMask = 2147483647;
			files = (
			);
			runOnlyForDeploymentPostprocessing = 0;
		};
/* End PBXResourcesBuildPhase section */

/* Begin PBXSourcesBuildPhase section */
		383580821ECAE6D000C920FD /* Sources */ = {
			isa = PBXSourcesBuildPhase;
			buildActionMask = 2147483647;
			files = (
				3835808C1ECAE6D000C920FD /* ViewController.swift in Sources */,
				3835808A1ECAE6D000C920FD /* AppDelegate.swift in Sources */,
			);
			runOnlyForDeploymentPostprocessing = 0;
		};
		383580961ECAE6D000C920FD /* Sources */ = {
			isa = PBXSourcesBuildPhase;
			buildActionMask = 2147483647;
			files = (
				3835809F1ECAE6D000C920FD /* BMI_APPTests.swift in Sources */,
			);
			runOnlyForDeploymentPostprocessing = 0;
		};
		383580A11ECAE6D000C920FD /* Sources */ = {
			isa = PBXSourcesBuildPhase;
			buildActionMask = 2147483647;
			files = (
				383580AA1ECAE6D000C920FD /* BMI_APPUITests.swift in Sources */,
			);
			runOnlyForDeploymentPostprocessing = 0;
		};
/* End PBXSourcesBuildPhase section */

/* Begin PBXTargetDependency section */
		3835809C1ECAE6D000C920FD /* PBXTargetDependency */ = {
			isa = PBXTargetDependency;
			target = 383580851ECAE6D000C920FD /* BMI　APP */;
			targetProxy = 3835809B1ECAE6D000C920FD /* PBXContainerItemProxy */;
		};
		383580A71ECAE6D000C920FD /* PBXTargetDependency */ = {
			isa = PBXTargetDependency;
			target = 383580851ECAE6D000C920FD /* BMI　APP */;
			targetProxy = 383580A61ECAE6D000C920FD /* PBXContainerItemProxy */;
		};
/* End PBXTargetDependency section */

/* Begin PBXVariantGroup section */
		3835808D1ECAE6D000C920FD /* Main.storyboard */ = {
			isa = PBXVariantGroup;
			children = (
				3835808E1ECAE6D000C920FD /* Base */,
			);
			name = Main.storyboard;
			sourceTree = "<group>";
		};
		383580921ECAE6D000C920FD /* LaunchScreen.storyboard */ = {
			isa = PBXVariantGroup;
			children = (
				383580931ECAE6D000C920FD /* Base */,
			);
			name = LaunchScreen.storyboard;
			sourceTree = "<group>";
		};
/* End PBXVariantGroup section */

/* Begin XCBuildConfiguration section */
		383580AC1ECAE6D000C920FD /* Debug */ = {
			isa = XCBuildConfiguration;
			buildSettings = {
				ALWAYS_SEARCH_USER_PATHS = NO;
				CLANG_ANALYZER_NONNULL = YES;
				CLANG_ANALYZER_NUMBER_OBJECT_CONVERSION = YES_AGGRESSIVE;
				CLANG_CXX_LANGUAGE_STANDARD = "gnu++0x";
				CLANG_CXX_LIBRARY = "libc++";
				CLANG_ENABLE_MODULES = YES;
				CLANG_ENABLE_OBJC_ARC = YES;
				CLANG_WARN_BOOL_CONVERSION = YES;
				CLANG_WARN_CONSTANT_CONVERSION = YES;
				CLANG_WARN_DIRECT_OBJC_ISA_USAGE = YES_ERROR;
				CLANG_WARN_DOCUMENTATION_COMMENTS = YES;
				CLANG_WARN_EMPTY_BODY = YES;
				CLANG_WARN_ENUM_CONVERSION = YES;
				CLANG_WARN_INFINITE_RECURSION = YES;
				CLANG_WARN_INT_CONVERSION = YES;
				CLANG_WARN_OBJC_ROOT_CLASS = YES_ERROR;
				CLANG_WARN_SUSPICIOUS_MOVE = YES;
				CLANG_WARN_UNREACHABLE_CODE = YES;
				CLANG_WARN__DUPLICATE_METHOD_MATCH = YES;
				"CODE_SIGN_IDENTITY[sdk=iphoneos*]" = "iPhone Developer";
				COPY_PHASE_STRIP = NO;
				DEBUG_INFORMATION_FORMAT = dwarf;
				ENABLE_STRICT_OBJC_MSGSEND = YES;
				ENABLE_TESTABILITY = YES;
				GCC_C_LANGUAGE_STANDARD = gnu99;
				GCC_DYNAMIC_NO_PIC = NO;
				GCC_NO_COMMON_BLOCKS = YES;
				GCC_OPTIMIZATION_LEVEL = 0;
				GCC_PREPROCESSOR_DEFINITIONS = (
					"DEBUG=1",
					"$(inherited)",
				);
				GCC_WARN_64_TO_32_BIT_CONVERSION = YES;
				GCC_WARN_ABOUT_RETURN_TYPE = YES_ERROR;
				GCC_WARN_UNDECLARED_SELECTOR = YES;
				GCC_WARN_UNINITIALIZED_AUTOS = YES_AGGRESSIVE;
				GCC_WARN_UNUSED_FUNCTION = YES;
				GCC_WARN_UNUSED_VARIABLE = YES;
				IPHONEOS_DEPLOYMENT_TARGET = 10.3;
				MTL_ENABLE_DEBUG_INFO = YES;
				ONLY_ACTIVE_ARCH = YES;
				SDKROOT = iphoneos;
				SWIFT_ACTIVE_COMPILATION_CONDITIONS = DEBUG;
				SWIFT_OPTIMIZATION_LEVEL = "-Onone";
			};
			name = Debug;
		};
		383580AD1ECAE6D000C920FD /* Release */ = {
			isa = XCBuildConfiguration;
			buildSettings = {
				ALWAYS_SEARCH_USER_PATHS = NO;
				CLANG_ANALYZER_NONNULL = YES;
				CLANG_ANALYZER_NUMBER_OBJECT_CONVERSION = YES_AGGRESSIVE;
				CLANG_CXX_LANGUAGE_STANDARD = "gnu++0x";
				CLANG_CXX_LIBRARY = "libc++";
				CLANG_ENABLE_MODULES = YES;
				CLANG_ENABLE_OBJC_ARC = YES;
				CLANG_WARN_BOOL_CONVERSION = YES;
				CLANG_WARN_CONSTANT_CONVERSION = YES;
				CLANG_WARN_DIRECT_OBJC_ISA_USAGE = YES_ERROR;
				CLANG_WARN_DOCUMENTATION_COMMENTS = YES;
				CLANG_WARN_EMPTY_BODY = YES;
				CLANG_WARN_ENUM_CONVERSION = YES;
				CLANG_WARN_INFINITE_RECURSION = YES;
				CLANG_WARN_INT_CONVERSION = YES;
				CLANG_WARN_OBJC_ROOT_CLASS = YES_ERROR;
				CLANG_WARN_SUSPICIOUS_MOVE = YES;
				CLANG_WARN_UNREACHABLE_CODE = YES;
				CLANG_WARN__DUPLICATE_METHOD_MATCH = YES;
				"CODE_SIGN_IDENTITY[sdk=iphoneos*]" = "iPhone Developer";
				COPY_PHASE_STRIP = NO;
				DEBUG_INFORMATION_FORMAT = "dwarf-with-dsym";
				ENABLE_NS_ASSERTIONS = NO;
				ENABLE_STRICT_OBJC_MSGSEND = YES;
				GCC_C_LANGUAGE_STANDARD = gnu99;
				GCC_NO_COMMON_BLOCKS = YES;
				GCC_WARN_64_TO_32_BIT_CONVERSION = YES;
				GCC_WARN_ABOUT_RETURN_TYPE = YES_ERROR;
				GCC_WARN_UNDECLARED_SELECTOR = YES;
				GCC_WARN_UNINITIALIZED_AUTOS = YES_AGGRESSIVE;
				GCC_WARN_UNUSED_FUNCTION = YES;
				GCC_WARN_UNUSED_VARIABLE = YES;
				IPHONEOS_DEPLOYMENT_TARGET = 10.3;
				MTL_ENABLE_DEBUG_INFO = NO;
				SDKROOT = iphoneos;
				SWIFT_OPTIMIZATION_LEVEL = "-Owholemodule";
				VALIDATE_PRODUCT = YES;
			};
			name = Release;
		};
		383580AF1ECAE6D000C920FD /* Debug */ = {
			isa = XCBuildConfiguration;
			buildSettings = {
				ASSETCATALOG_COMPILER_APPICON_NAME = AppIcon;
				INFOPLIST_FILE = "BMI　APP/Info.plist";
				LD_RUNPATH_SEARCH_PATHS = "$(inherited) @executable_path/Frameworks";
				PRODUCT_BUNDLE_IDENTIFIER = "com.watanabetakumi.BMI-APP";
				PRODUCT_NAME = "$(TARGET_NAME)";
				SWIFT_VERSION = 3.0;
			};
			name = Debug;
		};
		383580B01ECAE6D000C920FD /* Release */ = {
			isa = XCBuildConfiguration;
			buildSettings = {
				ASSETCATALOG_COMPILER_APPICON_NAME = AppIcon;
				INFOPLIST_FILE = "BMI　APP/Info.plist";
				LD_RUNPATH_SEARCH_PATHS = "$(inherited) @executable_path/Frameworks";
				PRODUCT_BUNDLE_IDENTIFIER = "com.watanabetakumi.BMI-APP";
				PRODUCT_NAME = "$(TARGET_NAME)";
				SWIFT_VERSION = 3.0;
			};
			name = Release;
		};
		383580B21ECAE6D000C920FD /* Debug */ = {
			isa = XCBuildConfiguration;
			buildSettings = {
				ALWAYS_EMBED_SWIFT_STANDARD_LIBRARIES = YES;
				BUNDLE_LOADER = "$(TEST_HOST)";
				INFOPLIST_FILE = "BMI　APPTests/Info.plist";
				LD_RUNPATH_SEARCH_PATHS = "$(inherited) @executable_path/Frameworks @loader_path/Frameworks";
				PRODUCT_BUNDLE_IDENTIFIER = "com.watanabetakumi.BMI-APPTests";
				PRODUCT_NAME = "$(TARGET_NAME)";
				SWIFT_VERSION = 3.0;
				TEST_HOST = "$(BUILT_PRODUCTS_DIR)/BMI　APP.app/BMI　APP";
			};
			name = Debug;
		};
		383580B31ECAE6D000C920FD /* Release */ = {
			isa = XCBuildConfiguration;
			buildSettings = {
				ALWAYS_EMBED_SWIFT_STANDARD_LIBRARIES = YES;
				BUNDLE_LOADER = "$(TEST_HOST)";
				INFOPLIST_FILE = "BMI　APPTests/Info.plist";
				LD_RUNPATH_SEARCH_PATHS = "$(inherited) @executable_path/Frameworks @loader_path/Frameworks";
				PRODUCT_BUNDLE_IDENTIFIER = "com.watanabetakumi.BMI-APPTests";
				PRODUCT_NAME = "$(TARGET_NAME)";
				SWIFT_VERSION = 3.0;
				TEST_HOST = "$(BUILT_PRODUCTS_DIR)/BMI　APP.app/BMI　APP";
			};
			name = Release;
		};
		383580B51ECAE6D000C920FD /* Debug */ = {
			isa = XCBuildConfiguration;
			buildSettings = {
				ALWAYS_EMBED_SWIFT_STANDARD_LIBRARIES = YES;
				INFOPLIST_FILE = "BMI　APPUITests/Info.plist";
				LD_RUNPATH_SEARCH_PATHS = "$(inherited) @executable_path/Frameworks @loader_path/Frameworks";
				PRODUCT_BUNDLE_IDENTIFIER = "com.watanabetakumi.BMI-APPUITests";
				PRODUCT_NAME = "$(TARGET_NAME)";
				SWIFT_VERSION = 3.0;
				TEST_TARGET_NAME = "BMI　APP";
			};
			name = Debug;
		};
		383580B61ECAE6D000C920FD /* Release */ = {
			isa = XCBuildConfiguration;
			buildSettings = {
				ALWAYS_EMBED_SWIFT_STANDARD_LIBRARIES = YES;
				INFOPLIST_FILE = "BMI　APPUITests/Info.plist";
				LD_RUNPATH_SEARCH_PATHS = "$(inherited) @executable_path/Frameworks @loader_path/Frameworks";
				PRODUCT_BUNDLE_IDENTIFIER = "com.watanabetakumi.BMI-APPUITests";
				PRODUCT_NAME = "$(TARGET_NAME)";
				SWIFT_VERSION = 3.0;
				TEST_TARGET_NAME = "BMI　APP";
			};
			name = Release;
		};
/* End XCBuildConfiguration section */

/* Begin XCConfigurationList section */
		383580811ECAE6D000C920FD /* Build configuration list for PBXProject "BMI　APP" */ = {
			isa = XCConfigurationList;
			buildConfigurations = (
				383580AC1ECAE6D000C920FD /* Debug */,
				383580AD1ECAE6D000C920FD /* Release */,
			);
			defaultConfigurationIsVisible = 0;
			defaultConfigurationName = Release;
		};
		383580AE1ECAE6D000C920FD /* Build configuration list for PBXNativeTarget "BMI　APP" */ = {
			isa = XCConfigurationList;
			buildConfigurations = (
				383580AF1ECAE6D000C920FD /* Debug */,
				383580B01ECAE6D000C920FD /* Release */,
			);
			defaultConfigurationIsVisible = 0;
		};
		383580B11ECAE6D000C920FD /* Build configuration list for PBXNativeTarget "BMI　APPTests" */ = {
			isa = XCConfigurationList;
			buildConfigurations = (
				383580B21ECAE6D000C920FD /* Debug */,
				383580B31ECAE6D000C920FD /* Release */,
			);
			defaultConfigurationIsVisible = 0;
		};
		383580B41ECAE6D000C920FD /* Build configuration list for PBXNativeTarget "BMI　APPUITests" */ = {
			isa = XCConfigurationList;
			buildConfigurations = (
				383580B51ECAE6D000C920FD /* Debug */,
				383580B61ECAE6D000C920FD /* Release */,
			);
			defaultConfigurationIsVisible = 0;
		};
/* End XCConfigurationList section */
	};
	rootObject = 3835807E1ECAE6D000C920FD /* Project object */;
}
